
Microsoft Visual Studio Solution File, Format Version 12.00
# Visual Studio Version 16
VisualStudioVersion = 16.0.29215.179
MinimumVisualStudioVersion = 10.0.40219.1
Project("{9A19103F-16F7-4668-BE54-9A1E7A4F7556}") = "DIPS.Xamarin.UI", "DIPS.Xamarin.UI\DIPS.Xamarin.UI.csproj", "{FF4FBAB1-8723-4C8B-BCB7-D60FF9C0FE31}"
EndProject
Project("{FAE04EC0-301F-11D3-BF4B-00C04F79EFBC}") = "DIPS.Xamarin.UI.Android", "DIPS.Xamarin.UI.Android\DIPS.Xamarin.UI.Android.csproj", "{C2DB1EB7-34D6-4106-9BD2-D475AC3EBC19}"
EndProject
Project("{FAE04EC0-301F-11D3-BF4B-00C04F79EFBC}") = "DIPS.Xamarin.UI.iOS", "DIPS.Xamarin.UI.iOS\DIPS.Xamarin.UI.iOS.csproj", "{A3258356-DF96-427A-BD0F-CB4D18564CE1}"
EndProject
Project("{2150E333-8FDC-42A3-9474-1A3956D46DE8}") = "Samples", "Samples", "{E045B215-78E7-4D81-8CEC-307BDD988901}"
EndProject
Project("{9A19103F-16F7-4668-BE54-9A1E7A4F7556}") = "DIPS.Xamarin.UI.Samples", "Samples\DIPS.Xamarin.UI.Samples\DIPS.Xamarin.UI.Samples.csproj", "{2F95D750-C17C-4E75-A6F9-84D410F24150}"
EndProject
Project("{FAE04EC0-301F-11D3-BF4B-00C04F79EFBC}") = "DIPS.Xamarin.UI.Samples.Android", "Samples\DIPS.Xamarin.UI.Samples.Android\DIPS.Xamarin.UI.Samples.Android.csproj", "{CC0145B2-DB26-4C37-B52F-688B65D52EB4}"
EndProject
Project("{FAE04EC0-301F-11D3-BF4B-00C04F79EFBC}") = "DIPS.Xamarin.UI.Samples.iOS", "Samples\DIPS.Xamarin.UI.Samples.iOS\DIPS.Xamarin.UI.Samples.iOS.csproj", "{5D1BB5EC-52D3-4784-B20B-C4B022A496D0}"
EndProject
Global
	GlobalSection(SolutionConfigurationPlatforms) = preSolution
		Debug|Any CPU = Debug|Any CPU
		Debug|iPhone = Debug|iPhone
		Debug|iPhoneSimulator = Debug|iPhoneSimulator
		Release|Any CPU = Release|Any CPU
		Release|iPhone = Release|iPhone
		Release|iPhoneSimulator = Release|iPhoneSimulator
	EndGlobalSection
	GlobalSection(ProjectConfigurationPlatforms) = postSolution
		{FF4FBAB1-8723-4C8B-BCB7-D60FF9C0FE31}.Debug|Any CPU.ActiveCfg = Debug|Any CPU
		{FF4FBAB1-8723-4C8B-BCB7-D60FF9C0FE31}.Debug|Any CPU.Build.0 = Debug|Any CPU
		{FF4FBAB1-8723-4C8B-BCB7-D60FF9C0FE31}.Debug|iPhone.ActiveCfg = Debug|Any CPU
		{FF4FBAB1-8723-4C8B-BCB7-D60FF9C0FE31}.Debug|iPhone.Build.0 = Debug|Any CPU
		{FF4FBAB1-8723-4C8B-BCB7-D60FF9C0FE31}.Debug|iPhoneSimulator.ActiveCfg = Debug|Any CPU
		{FF4FBAB1-8723-4C8B-BCB7-D60FF9C0FE31}.Debug|iPhoneSimulator.Build.0 = Debug|Any CPU
		{FF4FBAB1-8723-4C8B-BCB7-D60FF9C0FE31}.Release|Any CPU.ActiveCfg = Release|Any CPU
		{FF4FBAB1-8723-4C8B-BCB7-D60FF9C0FE31}.Release|Any CPU.Build.0 = Release|Any CPU
		{FF4FBAB1-8723-4C8B-BCB7-D60FF9C0FE31}.Release|iPhone.ActiveCfg = Release|Any CPU
		{FF4FBAB1-8723-4C8B-BCB7-D60FF9C0FE31}.Release|iPhone.Build.0 = Release|Any CPU
		{FF4FBAB1-8723-4C8B-BCB7-D60FF9C0FE31}.Release|iPhoneSimulator.ActiveCfg = Release|Any CPU
		{FF4FBAB1-8723-4C8B-BCB7-D60FF9C0FE31}.Release|iPhoneSimulator.Build.0 = Release|Any CPU
		{C2DB1EB7-34D6-4106-9BD2-D475AC3EBC19}.Debug|Any CPU.ActiveCfg = Debug|Any CPU
		{C2DB1EB7-34D6-4106-9BD2-D475AC3EBC19}.Debug|Any CPU.Build.0 = Debug|Any CPU
		{C2DB1EB7-34D6-4106-9BD2-D475AC3EBC19}.Debug|iPhone.ActiveCfg = Debug|Any CPU
		{C2DB1EB7-34D6-4106-9BD2-D475AC3EBC19}.Debug|iPhone.Build.0 = Debug|Any CPU
		{C2DB1EB7-34D6-4106-9BD2-D475AC3EBC19}.Debug|iPhoneSimulator.ActiveCfg = Debug|Any CPU
		{C2DB1EB7-34D6-4106-9BD2-D475AC3EBC19}.Debug|iPhoneSimulator.Build.0 = Debug|Any CPU
		{C2DB1EB7-34D6-4106-9BD2-D475AC3EBC19}.Release|Any CPU.ActiveCfg = Release|Any CPU
		{C2DB1EB7-34D6-4106-9BD2-D475AC3EBC19}.Release|Any CPU.Build.0 = Release|Any CPU
		{C2DB1EB7-34D6-4106-9BD2-D475AC3EBC19}.Release|iPhone.ActiveCfg = Release|Any CPU
		{C2DB1EB7-34D6-4106-9BD2-D475AC3EBC19}.Release|iPhone.Build.0 = Release|Any CPU
		{C2DB1EB7-34D6-4106-9BD2-D475AC3EBC19}.Release|iPhoneSimulator.ActiveCfg = Release|Any CPU
		{C2DB1EB7-34D6-4106-9BD2-D475AC3EBC19}.Release|iPhoneSimulator.Build.0 = Release|Any CPU
		{A3258356-DF96-427A-BD0F-CB4D18564CE1}.Debug|Any CPU.ActiveCfg = Debug|Any CPU
		{A3258356-DF96-427A-BD0F-CB4D18564CE1}.Debug|Any CPU.Build.0 = Debug|Any CPU
		{A3258356-DF96-427A-BD0F-CB4D18564CE1}.Debug|iPhone.ActiveCfg = Debug|Any CPU
		{A3258356-DF96-427A-BD0F-CB4D18564CE1}.Debug|iPhone.Build.0 = Debug|Any CPU
		{A3258356-DF96-427A-BD0F-CB4D18564CE1}.Debug|iPhoneSimulator.ActiveCfg = Debug|Any CPU
		{A3258356-DF96-427A-BD0F-CB4D18564CE1}.Debug|iPhoneSimulator.Build.0 = Debug|Any CPU
		{A3258356-DF96-427A-BD0F-CB4D18564CE1}.Release|Any CPU.ActiveCfg = Release|Any CPU
		{A3258356-DF96-427A-BD0F-CB4D18564CE1}.Release|Any CPU.Build.0 = Release|Any CPU
		{A3258356-DF96-427A-BD0F-CB4D18564CE1}.Release|iPhone.ActiveCfg = Release|Any CPU
		{A3258356-DF96-427A-BD0F-CB4D18564CE1}.Release|iPhone.Build.0 = Release|Any CPU
		{A3258356-DF96-427A-BD0F-CB4D18564CE1}.Release|iPhoneSimulator.ActiveCfg = Release|Any CPU
		{A3258356-DF96-427A-BD0F-CB4D18564CE1}.Release|iPhoneSimulator.Build.0 = Release|Any CPU
		{2F95D750-C17C-4E75-A6F9-84D410F24150}.Debug|Any CPU.ActiveCfg = Debug|Any CPU
		{2F95D750-C17C-4E75-A6F9-84D410F24150}.Debug|Any CPU.Build.0 = Debug|Any CPU
		{2F95D750-C17C-4E75-A6F9-84D410F24150}.Debug|iPhone.ActiveCfg = Debug|Any CPU
		{2F95D750-C17C-4E75-A6F9-84D410F24150}.Debug|iPhone.Build.0 = Debug|Any CPU
		{2F95D750-C17C-4E75-A6F9-84D410F24150}.Debug|iPhoneSimulator.ActiveCfg = Debug|Any CPU
		{2F95D750-C17C-4E75-A6F9-84D410F24150}.Debug|iPhoneSimulator.Build.0 = Debug|Any CPU
		{2F95D750-C17C-4E75-A6F9-84D410F24150}.Release|Any CPU.ActiveCfg = Release|Any CPU
		{2F95D750-C17C-4E75-A6F9-84D410F24150}.Release|Any CPU.Build.0 = Release|Any CPU
		{2F95D750-C17C-4E75-A6F9-84D410F24150}.Release|iPhone.ActiveCfg = Release|Any CPU
		{2F95D750-C17C-4E75-A6F9-84D410F24150}.Release|iPhone.Build.0 = Release|Any CPU
		{2F95D750-C17C-4E75-A6F9-84D410F24150}.Release|iPhoneSimulator.ActiveCfg = Release|Any CPU
		{2F95D750-C17C-4E75-A6F9-84D410F24150}.Release|iPhoneSimulator.Build.0 = Release|Any CPU
		{CC0145B2-DB26-4C37-B52F-688B65D52EB4}.Debug|Any CPU.ActiveCfg = Debug|Any CPU
		{CC0145B2-DB26-4C37-B52F-688B65D52EB4}.Debug|Any CPU.Build.0 = Debug|Any CPU
		{CC0145B2-DB26-4C37-B52F-688B65D52EB4}.Debug|Any CPU.Deploy.0 = Debug|Any CPU
		{CC0145B2-DB26-4C37-B52F-688B65D52EB4}.Debug|iPhone.ActiveCfg = Debug|Any CPU
		{CC0145B2-DB26-4C37-B52F-688B65D52EB4}.Debug|iPhone.Build.0 = Debug|Any CPU
		{CC0145B2-DB26-4C37-B52F-688B65D52EB4}.Debug|iPhone.Deploy.0 = Debug|Any CPU
		{CC0145B2-DB26-4C37-B52F-688B65D52EB4}.Debug|iPhoneSimulator.ActiveCfg = Debug|Any CPU
		{CC0145B2-DB26-4C37-B52F-688B65D52EB4}.Debug|iPhoneSimulator.Build.0 = Debug|Any CPU
		{CC0145B2-DB26-4C37-B52F-688B65D52EB4}.Debug|iPhoneSimulator.Deploy.0 = Debug|Any CPU
		{CC0145B2-DB26-4C37-B52F-688B65D52EB4}.Release|Any CPU.ActiveCfg = Release|Any CPU
		{CC0145B2-DB26-4C37-B52F-688B65D52EB4}.Release|Any CPU.Build.0 = Release|Any CPU
		{CC0145B2-DB26-4C37-B52F-688B65D52EB4}.Release|Any CPU.Deploy.0 = Release|Any CPU
		{CC0145B2-DB26-4C37-B52F-688B65D52EB4}.Release|iPhone.ActiveCfg = Release|Any CPU
		{CC0145B2-DB26-4C37-B52F-688B65D52EB4}.Release|iPhone.Build.0 = Release|Any CPU
		{CC0145B2-DB26-4C37-B52F-688B65D52EB4}.Release|iPhone.Deploy.0 = Release|Any CPU
		{CC0145B2-DB26-4C37-B52F-688B65D52EB4}.Release|iPhoneSimulator.ActiveCfg = Release|Any CPU
		{CC0145B2-DB26-4C37-B52F-688B65D52EB4}.Release|iPhoneSimulator.Build.0 = Release|Any CPU
		{CC0145B2-DB26-4C37-B52F-688B65D52EB4}.Release|iPhoneSimulator.Deploy.0 = Release|Any CPU
		{5D1BB5EC-52D3-4784-B20B-C4B022A496D0}.Debug|Any CPU.ActiveCfg = Debug|iPhone
		{5D1BB5EC-52D3-4784-B20B-C4B022A496D0}.Debug|iPhone.ActiveCfg = Debug|iPhone
		{5D1BB5EC-52D3-4784-B20B-C4B022A496D0}.Debug|iPhone.Build.0 = Debug|iPhone
		{5D1BB5EC-52D3-4784-B20B-C4B022A496D0}.Debug|iPhoneSimulator.ActiveCfg = Debug|iPhoneSimulator
		{5D1BB5EC-52D3-4784-B20B-C4B022A496D0}.Debug|iPhoneSimulator.Build.0 = Debug|iPhoneSimulator
		{5D1BB5EC-52D3-4784-B20B-C4B022A496D0}.Release|Any CPU.ActiveCfg = Release|iPhone
		{5D1BB5EC-52D3-4784-B20B-C4B022A496D0}.Release|iPhone.ActiveCfg = Release|iPhone
		{5D1BB5EC-52D3-4784-B20B-C4B022A496D0}.Release|iPhone.Build.0 = Release|iPhone
		{5D1BB5EC-52D3-4784-B20B-C4B022A496D0}.Release|iPhoneSimulator.ActiveCfg = Release|iPhoneSimulator
		{5D1BB5EC-52D3-4784-B20B-C4B022A496D0}.Release|iPhoneSimulator.Build.0 = Release|iPhoneSimulator
	EndGlobalSection
	GlobalSection(SolutionProperties) = preSolution
		HideSolutionNode = FALSE
	EndGlobalSection
	GlobalSection(NestedProjects) = preSolution
		{2F95D750-C17C-4E75-A6F9-84D410F24150} = {E045B215-78E7-4D81-8CEC-307BDD988901}
		{CC0145B2-DB26-4C37-B52F-688B65D52EB4} = {E045B215-78E7-4D81-8CEC-307BDD988901}
		{5D1BB5EC-52D3-4784-B20B-C4B022A496D0} = {E045B215-78E7-4D81-8CEC-307BDD988901}
	EndGlobalSection
	GlobalSection(ExtensibilityGlobals) = postSolution
		SolutionGuid = {714B85C9-E69E-47A0-8834-B73F9A118FC5}
	EndGlobalSection
EndGlobal
